{
  "requires": true,
  "lockfileVersion": 1,
  "dependencies": {
    "rasmifize": {
      "version": "1.0.5",
      "resolved": "https://registry.npmjs.org/rasmifize/-/rasmifize-1.0.5.tgz",
      "integrity": "sha512-8OE9wic/pft+DD9x05ItGall+nA2HeVyJweuV3cAAb16NWiOVNZ1iKU5gR0o78Yf63JIIPJBufzZ6bF0nW6Zwg=="
    }
  }
}
