{
  "name": "demo",
  "lockfileVersion": 2,
  "requires": true,
  "packages": {
    "": {
      "dependencies": {
        "rasmifize": "^1.0.6"
      }
    },
    "node_modules/rasmifize": {
      "version": "1.0.6",
      "resolved": "https://registry.npmjs.org/rasmifize/-/rasmifize-1.0.6.tgz",
      "integrity": "sha512-qSHLD/a/zB4fh9AcaE8LE+v6af0TPuv7PJFD+LC9ok4UjDqUz7aXDduQwiH2L7Bse4x5pj1p0PQIk++n49TKHQ=="
    }
  },
  "dependencies": {
    "rasmifize": {
      "version": "1.0.6",
      "resolved": "https://registry.npmjs.org/rasmifize/-/rasmifize-1.0.6.tgz",
      "integrity": "sha512-qSHLD/a/zB4fh9AcaE8LE+v6af0TPuv7PJFD+LC9ok4UjDqUz7aXDduQwiH2L7Bse4x5pj1p0PQIk++n49TKHQ=="
    }
  }
}
