{
  "requires": true,
  "lockfileVersion": 1,
  "dependencies": {
    "rasmifize": {
      "version": "1.0.3",
      "resolved": "https://registry.npmjs.org/rasmifize/-/rasmifize-1.0.3.tgz",
      "integrity": "sha512-54IHZkAcIrMLDUYIzt+YhPX9ln5KGZT4XxNjaNqrr5egyep/NhuBa9NGuFZcl14uL2sIe7LBuuMJ6yKUDVT9mw=="
    }
  }
}
